
Microsoft Visual Studio Solution File, Format Version 12.00
# Visual Studio Version 17
VisualStudioVersion = 17.2.32516.85
MinimumVisualStudioVersion = 10.0.40219.1
Project("{FAE04EC0-301F-11D3-BF4B-00C04F79EFBC}") = "blogapi", "blogapi\blogapi.csproj", "{32CEF0E7-E5D0-4714-B0E2-58CD8E906E95}"
EndProject
Global
	GlobalSection(SolutionConfigurationPlatforms) = preSolution
		Debug|Any CPU = Debug|Any CPU
		Release|Any CPU = Release|Any CPU
	EndGlobalSection
	GlobalSection(ProjectConfigurationPlatforms) = postSolution
		{32CEF0E7-E5D0-4714-B0E2-58CD8E906E95}.Debug|Any CPU.ActiveCfg = Debug|Any CPU
		{32CEF0E7-E5D0-4714-B0E2-58CD8E906E95}.Debug|Any CPU.Build.0 = Debug|Any CPU
		{32CEF0E7-E5D0-4714-B0E2-58CD8E906E95}.Release|Any CPU.ActiveCfg = Release|Any CPU
		{32CEF0E7-E5D0-4714-B0E2-58CD8E906E95}.Release|Any CPU.Build.0 = Release|Any CPU
	EndGlobalSection
	GlobalSection(SolutionProperties) = preSolution
		HideSolutionNode = FALSE
	EndGlobalSection
	GlobalSection(ExtensibilityGlobals) = postSolution
		SolutionGuid = {ABC5FBB8-0BC8-4C82-8EC5-5733501B8BC5}
	EndGlobalSection
EndGlobal
